hash: 8a90465048c21094793c30e55ec0d5aafa512ecfba06c9080e523c6d8ec94974
updated: 2017-07-12T10:06:49.323481+01:00
imports:
- name: github.com/bububa/cron
  version: c0f1743e5d72367595ecbfd7548c6cb7721699ae
- name: github.com/docker/distribution
  version: f86db6b22663a27ba4d278220b7e34be528b1e79
  subpackages:
  - digestset
  - reference
- name: github.com/docker/docker
  version: 90d35abf7b3535c1c319c872900fbd76374e521c
  subpackages:
  - api
  - api/types
  - api/types/blkiodev
  - api/types/container
  - api/types/events
  - api/types/filters
  - api/types/image
  - api/types/mount
  - api/types/network
  - api/types/registry
  - api/types/strslice
  - api/types/swarm
  - api/types/time
  - api/types/versions
  - api/types/volume
  - client
  - pkg/ioutils
  - pkg/longpath
  - pkg/stdcopy
  - pkg/system
  - pkg/tlsconfig
- name: github.com/docker/go-connections
  version: 3ede32e2033de7505e6500d6c868c2b9ed9f169d
  subpackages:
  - nat
  - sockets
  - tlsconfig
- name: github.com/docker/go-units
  version: 0dadbb0345b35ec7ef35e228dabb8de89a65bf52
- name: github.com/docker/libtrust
  version: aabc10ec26b754e797f9028f4589c5b7bd90dc20
- name: github.com/mattn/go-shellwords
  version: 02e3cf038dcea8290e44424da473dd12be796a8a
- name: github.com/Microsoft/go-winio
  version: f533f7a102197536779ea3a8cb881d639e21ec5a
- name: github.com/opencontainers/go-digest
  version: 279bed98673dd5bef374d3b6e4b09e2af76183bf
- name: github.com/pkg/errors
  version: c605e284fe17294bda444b34710735b29d1a9d90
- name: github.com/Sirupsen/logrus
  version: 7f976d3a76720c4c27af2ba716b85d2e0a7e38b1
- name: github.com/sirupsen/logrus
  version: 7f976d3a76720c4c27af2ba716b85d2e0a7e38b1
- name: github.com/spf13/viper
  version: c1de95864d73a5465492829d7cb2dd422b19ac96
- name: golang.org/x/net
  version: 054b33e6527139ad5b1ec2f6232c3b175bd9a30c
  subpackages:
  - context
  - context/ctxhttp
  - proxy
- name: golang.org/x/sys
  version: abf9c25f54453410d0c6668e519582a9e1115027
  subpackages:
  - unix
  - windows
testImports: []
